{
  "lockfile-version": 1,
  "manifest": {
    "version": 1,
    "install": {
      "codex": {
        "pkg-path": "codex"
      },
      "gh": {
        "pkg-path": "gh"
      },
      "opencode": {
        "pkg-path": "opencode"
      }
    },
    "hook": {},
    "profile": {},
    "options": {
      "systems": [
        "x86_64-linux"
      ]
    }
  },
  "packages": [
    {
      "attr_path": "codex",
      "broken": false,
      "derivation": "/nix/store/79jsrmcy0jpv89f9xws9h10dgr7i024x-codex-0.149.0.drv",
      "description": "Lightweight coding agent that runs in your terminal",
      "install_id": "codex",
      "license": "Apache-2.0",
      "locked_url": "https://github.com/flox/nixpkgs?rev=56c02bc00adcf003215cc4bd996d6efaf4cff188",
      "name": "codex-0.149.0",
      "pname": "codex",
      "rev": "56c02bc00adcf003215cc4bd996d6efaf4cff188",
      "rev_count": 1060451,
      "rev_date": "2026-08-23T15:22:48Z",
      "scrape_date": "2026-08-25T06:00:36.275045Z",
      "stabilities": [
        "unstable"
      ],
      "unfree": false,
      "version": "0.149.0",
      "outputs_to_install": [
        "out"
      ],
      "outputs": {
        "out": "/nix/store/al1ya5a2myhlvrwrgsiws3gyr621wa32-codex-0.149.0"
      },
      "system": "x86_64-linux",
      "group": "toplevel",
      "priority": 5
    },
    {
      "attr_path": "gh",
      "broken": false,
      "derivation": "/nix/store/cqm44sqyn2yz20x7wvzxk1vkidx2czrx-gh-2.98.0.drv",
      "description": "GitHub CLI tool",
      "install_id": "gh",
      "license": "MIT",
      "locked_url": "https://github.com/flox/nixpkgs?rev=56c02bc00adcf003215cc4bd996d6efaf4cff188",
      "name": "gh-2.98.0",
      "pname": "gh",
      "rev": "56c02bc00adcf003215cc4bd996d6efaf4cff188",
      "rev_count": 1060451,
      "rev_date": "2026-08-23T15:22:48Z",
      "scrape_date": "2026-08-25T06:00:37.766432Z",
      "stabilities": [
        "unstable"
      ],
      "unfree": false,
      "version": "2.98.0",
      "outputs_to_install": [
        "out"
      ],
      "outputs": {
        "out": "/nix/store/1aphi8rd2acs34d0b0dakrllygzkpdh1-gh-2.98.0"
      },
      "system": "x86_64-linux",
      "group": "toplevel",
      "priority": 5
    },
    {
      "attr_path": "opencode",
      "broken": false,
      "derivation": "/nix/store/0bb3q29n3wjb282ibi5rdm8hri8w5nnd-opencode-1.18.21.drv",
      "description": "AI coding agent built for the terminal",
      "install_id": "opencode",
      "license": "MIT",
      "locked_url": "https://github.com/flox/nixpkgs?rev=56c02bc00adcf003215cc4bd996d6efaf4cff188",
      "name": "opencode-1.18.21",
      "pname": "opencode",
      "rev": "56c02bc00adcf003215cc4bd996d6efaf4cff188",
      "rev_count": 1060451,
      "rev_date": "2026-08-23T15:22:48Z",
      "scrape_date": "2026-08-25T06:01:25.018483Z",
      "stabilities": [
        "unstable"
      ],
      "unfree": false,
      "version": "1.18.21",
      "outputs_to_install": [
        "out"
      ],
      "outputs": {
        "out": "/nix/store/897y0qxdg55xaa985v7sw6wqql7frnxh-opencode-1.18.21"
      },
      "system": "x86_64-linux",
      "group": "toplevel",
      "priority": 5
    }
  ]
}
