{
  "lockfile-version": 1,
  "manifest": {
    "version": 1,
    "install": {
      "codex": {
        "pkg-path": "codex"
      },
      "gh": {
        "pkg-path": "gh"
      },
      "opencode": {
        "pkg-path": "opencode"
      }
    },
    "hook": {},
    "profile": {},
    "options": {
      "systems": [
        "x86_64-linux"
      ]
    }
  },
  "packages": [
    {
      "attr_path": "codex",
      "broken": false,
      "derivation": "/nix/store/yirf86f7rrv2w8hi2aybjjb2nmqch3vz-codex-0.147.0.drv",
      "description": "Lightweight coding agent that runs in your terminal",
      "install_id": "codex",
      "license": "Apache-2.0",
      "locked_url": "https://github.com/flox/nixpkgs?rev=2fcb964de67fcf60b43471c55d5d99e61a9ccb5a",
      "name": "codex-0.147.0",
      "pname": "codex",
      "rev": "2fcb964de67fcf60b43471c55d5d99e61a9ccb5a",
      "rev_count": 1051473,
      "rev_date": "2026-08-10T17:52:38Z",
      "scrape_date": "2026-08-12T06:14:57.206005Z",
      "stabilities": [
        "unstable"
      ],
      "unfree": false,
      "version": "0.147.0",
      "outputs_to_install": [
        "out"
      ],
      "outputs": {
        "out": "/nix/store/siigfhhipkr2322n7a6nnhkgpdkknw1l-codex-0.147.0"
      },
      "system": "x86_64-linux",
      "group": "toplevel",
      "priority": 5
    },
    {
      "attr_path": "gh",
      "broken": false,
      "derivation": "/nix/store/94aix9m49v0b1bwvrd680qq12lypjq5b-gh-2.97.0.drv",
      "description": "GitHub CLI tool",
      "install_id": "gh",
      "license": "MIT",
      "locked_url": "https://github.com/flox/nixpkgs?rev=2fcb964de67fcf60b43471c55d5d99e61a9ccb5a",
      "name": "gh-2.97.0",
      "pname": "gh",
      "rev": "2fcb964de67fcf60b43471c55d5d99e61a9ccb5a",
      "rev_count": 1051473,
      "rev_date": "2026-08-10T17:52:38Z",
      "scrape_date": "2026-08-12T06:14:58.602737Z",
      "stabilities": [
        "unstable"
      ],
      "unfree": false,
      "version": "2.97.0",
      "outputs_to_install": [
        "out"
      ],
      "outputs": {
        "out": "/nix/store/7ayrbzjnm88xn12lfv99c1sqprlc2bwr-gh-2.97.0"
      },
      "system": "x86_64-linux",
      "group": "toplevel",
      "priority": 5
    },
    {
      "attr_path": "opencode",
      "broken": false,
      "derivation": "/nix/store/yh5jsz675yn876ykfg1q06m5fq775s22-opencode-1.18.13.drv",
      "description": "AI coding agent built for the terminal",
      "install_id": "opencode",
      "license": "MIT",
      "locked_url": "https://github.com/flox/nixpkgs?rev=2fcb964de67fcf60b43471c55d5d99e61a9ccb5a",
      "name": "opencode-1.18.13",
      "pname": "opencode",
      "rev": "2fcb964de67fcf60b43471c55d5d99e61a9ccb5a",
      "rev_count": 1051473,
      "rev_date": "2026-08-10T17:52:38Z",
      "scrape_date": "2026-08-12T06:15:44.748670Z",
      "stabilities": [
        "unstable"
      ],
      "unfree": false,
      "version": "1.18.13",
      "outputs_to_install": [
        "out"
      ],
      "outputs": {
        "out": "/nix/store/n5h9jhy4ivh30s38y0xp4bhgh8k7ysfk-opencode-1.18.13"
      },
      "system": "x86_64-linux",
      "group": "toplevel",
      "priority": 5
    }
  ]
}
